
Microsoft Visual Studio Solution File, Format Version 12.00
# Visual Studio Version 17
VisualStudioVersion = 17.2.32526.322
MinimumVisualStudioVersion = 10.0.40219.1
Project("{FAE04EC0-301F-11D3-BF4B-00C04F79EFBC}") = "WebApiAuthors", "WebApiAuthors\WebApiAuthors.csproj", "{7456C0E2-4248-4866-B9B3-557EE7C0900D}"
EndProject
Global
	GlobalSection(SolutionConfigurationPlatforms) = preSolution
		Debug|Any CPU = Debug|Any CPU
		Release|Any CPU = Release|Any CPU
	EndGlobalSection
	GlobalSection(ProjectConfigurationPlatforms) = postSolution
		{7456C0E2-4248-4866-B9B3-557EE7C0900D}.Debug|Any CPU.ActiveCfg = Debug|Any CPU
		{7456C0E2-4248-4866-B9B3-557EE7C0900D}.Debug|Any CPU.Build.0 = Debug|Any CPU
		{7456C0E2-4248-4866-B9B3-557EE7C0900D}.Release|Any CPU.ActiveCfg = Release|Any CPU
		{7456C0E2-4248-4866-B9B3-557EE7C0900D}.Release|Any CPU.Build.0 = Release|Any CPU
	EndGlobalSection
	GlobalSection(SolutionProperties) = preSolution
		HideSolutionNode = FALSE
	EndGlobalSection
	GlobalSection(ExtensibilityGlobals) = postSolution
		SolutionGuid = {F770704B-5819-45E4-973D-AB2E6498D05E}
	EndGlobalSection
EndGlobal
